lockfileVersion: '9.0'

settings:
  autoInstallPeers: true
  excludeLinksFromLockfile: false

importers:

  .:
    dependencies:
      '@inquirer/input':
        specifier: ^4.1.5
        version: 4.1.5
      '@inquirer/prompts':
        specifier: ^7.3.1
        version: 7.3.1
      '@inquirer/select':
        specifier: ^4.0.8
        version: 4.0.8
      command-line-args:
        specifier: ^6.0.1
        version: 6.0.1
      commander:
        specifier: ^13.1.0
        version: 13.1.0
      cookie:
        specifier: ^1.0.2
        version: 1.0.2
      got:
        specifier: ^14.4.5
        version: 14.4.5
      libphonenumber-js:
        specifier: ^1.11.19
        version: 1.11.19
      luxon:
        specifier: ^3.5.0
        version: 3.5.0
      open:
        specifier: ^10.1.0
        version: 10.1.0
    devDependencies:
      prettier:
        specifier: ^3.4.2
        version: 3.4.2

packages:

  '@inquirer/checkbox@4.1.1':
    resolution: {integrity: sha512-os5kFd/52gZTl/W6xqMfhaKVJHQM8V/U1P8jcSaQJ/C4Qhdrf2jEXdA/HaxfQs9iiUA/0yzYhk5d3oRHTxGDDQ==}
    engines: {node: '>=18'}
    peerDependencies:
      '@types/node': '>=18'
    peerDependenciesMeta:
      '@types/node':
        optional: true

  '@inquirer/confirm@5.1.5':
    resolution: {integrity: sha512-ZB2Cz8KeMINUvoeDi7IrvghaVkYT2RB0Zb31EaLWOE87u276w4wnApv0SH2qWaJ3r0VSUa3BIuz7qAV2ZvsZlg==}
    engines: {node: '>=18'}
    peerDependencies:
      '@types/node': '>=18'
    peerDependenciesMeta:
      '@types/node':
        optional: true

  '@inquirer/core@10.1.6':
    resolution: {integrity: sha512-Bwh/Zk6URrHwZnSSzAZAKH7YgGYi0xICIBDFOqBQoXNNAzBHw/bgXgLmChfp+GyR3PnChcTbiCTZGC6YJNJkMA==}
    engines: {node: '>=18'}
    peerDependencies:
      '@types/node': '>=18'
    peerDependenciesMeta:
      '@types/node':
        optional: true

  '@inquirer/editor@4.2.6':
    resolution: {integrity: sha512-l0smvr8g/KAVdXx4I92sFxZiaTG4kFc06cFZw+qqwTirwdUHMFLnouXBB9OafWhpO3cfEkEz2CdPoCmor3059A==}
    engines: {node: '>=18'}
    peerDependencies:
      '@types/node': '>=18'
    peerDependenciesMeta:
      '@types/node':
        optional: true

  '@inquirer/expand@4.0.8':
    resolution: {integrity: sha512-k0ouAC6L+0Yoj/j0ys2bat0fYcyFVtItDB7h+pDFKaDDSFJey/C/YY1rmIOqkmFVZ5rZySeAQuS8zLcKkKRLmg==}
    engines: {node: '>=18'}
    peerDependencies:
      '@types/node': '>=18'
    peerDependenciesMeta:
      '@types/node':
        optional: true

  '@inquirer/figures@1.0.10':
    resolution: {integrity: sha512-Ey6176gZmeqZuY/W/nZiUyvmb1/qInjcpiZjXWi6nON+nxJpD1bxtSoBxNliGISae32n6OwbY+TSXPZ1CfS4bw==}
    engines: {node: '>=18'}

  '@inquirer/input@4.1.5':
    resolution: {integrity: sha512-bB6wR5wBCz5zbIVBPnhp94BHv/G4eKbUEjlpCw676pI2chcvzTx1MuwZSCZ/fgNOdqDlAxkhQ4wagL8BI1D3Zg==}
    engines: {node: '>=18'}
    peerDependencies:
      '@types/node': '>=18'
    peerDependenciesMeta:
      '@types/node':
        optional: true

  '@inquirer/number@3.0.8':
    resolution: {integrity: sha512-CTKs+dT1gw8dILVWATn8Ugik1OHLkkfY82J+Musb57KpmF6EKyskv8zmMiEJPzOnLTZLo05X/QdMd8VH9oulXw==}
    engines: {node: '>=18'}
    peerDependencies:
      '@types/node': '>=18'
    peerDependenciesMeta:
      '@types/node':
        optional: true

  '@inquirer/password@4.0.8':
    resolution: {integrity: sha512-MgA+Z7o3K1df2lGY649fyOBowHGfrKRz64dx3+b6c1w+h2W7AwBoOkHhhF/vfhbs5S4vsKNCuDzS3s9r5DpK1g==}
    engines: {node: '>=18'}
    peerDependencies:
      '@types/node': '>=18'
    peerDependenciesMeta:
      '@types/node':
        optional: true

  '@inquirer/prompts@7.3.1':
    resolution: {integrity: sha512-r1CiKuDV86BDpvj9DRFR+V+nIjsVBOsa2++dqdPqLYAef8kgHYvmQ8ySdP/ZeAIOWa27YGJZRkENdP3dK0H3gg==}
    engines: {node: '>=18'}
    peerDependencies:
      '@types/node': '>=18'
    peerDependenciesMeta:
      '@types/node':
        optional: true

  '@inquirer/rawlist@4.0.8':
    resolution: {integrity: sha512-hl7rvYW7Xl4un8uohQRUgO6uc2hpn7PKqfcGkCOWC0AA4waBxAv6MpGOFCEDrUaBCP+pXPVqp4LmnpWmn1E1+g==}
    engines: {node: '>=18'}
    peerDependencies:
      '@types/node': '>=18'
    peerDependenciesMeta:
      '@types/node':
        optional: true

  '@inquirer/search@3.0.8':
    resolution: {integrity: sha512-ihSE9D3xQAupNg/aGDZaukqoUSXG2KfstWosVmFCG7jbMQPaj2ivxWtsB+CnYY/T4D6LX1GHKixwJLunNCffww==}
    engines: {node: '>=18'}
    peerDependencies:
      '@types/node': '>=18'
    peerDependenciesMeta:
      '@types/node':
        optional: true

  '@inquirer/select@4.0.8':
    resolution: {integrity: sha512-Io2prxFyN2jOCcu4qJbVoilo19caiD3kqkD3WR0q3yDA5HUCo83v4LrRtg55ZwniYACW64z36eV7gyVbOfORjA==}
    engines: {node: '>=18'}
    peerDependencies:
      '@types/node': '>=18'
    peerDependenciesMeta:
      '@types/node':
        optional: true

  '@inquirer/type@3.0.4':
    resolution: {integrity: sha512-2MNFrDY8jkFYc9Il9DgLsHhMzuHnOYM1+CUYVWbzu9oT0hC7V7EcYvdCKeoll/Fcci04A+ERZ9wcc7cQ8lTkIA==}
    engines: {node: '>=18'}
    peerDependencies:
      '@types/node': '>=18'
    peerDependenciesMeta:
      '@types/node':
        optional: true

  '@sec-ant/readable-stream@0.4.1':
    resolution: {integrity: sha512-831qok9r2t8AlxLko40y2ebgSDhenenCatLVeW/uBtnHPyhHOvG0C7TvfgecV+wHzIm5KUICgzmVpWS+IMEAeg==}

  '@sindresorhus/is@7.0.1':
    resolution: {integrity: sha512-QWLl2P+rsCJeofkDNIT3WFmb6NrRud1SUYW8dIhXK/46XFV8Q/g7Bsvib0Askb0reRLe+WYPeeE+l5cH7SlkuQ==}
    engines: {node: '>=18'}

  '@szmarczak/http-timer@5.0.1':
    resolution: {integrity: sha512-+PmQX0PiAYPMeVYe237LJAYvOMYW1j2rH5YROyS3b4CTVJum34HfRvKvAzozHAQG0TnHNdUfY9nCeUyRAs//cw==}
    engines: {node: '>=14.16'}

  '@types/http-cache-semantics@4.0.4':
    resolution: {integrity: sha512-1m0bIFVc7eJWyve9S0RnuRgcQqF/Xd5QsUZAZeQFr1Q3/p9JWoQQEqmVy+DPTNpGXwhgIetAoYF8JSc33q29QA==}

  ansi-escapes@4.3.2:
    resolution: {integrity: sha512-gKXj5ALrKWQLsYG9jlTRmR/xKluxHV+Z9QEwNIgCfM1/uwPMCuzVVnh5mwTd+OuBZcwSIMbqssNWRm1lE51QaQ==}
    engines: {node: '>=8'}

  ansi-regex@5.0.1:
    resolution: {integrity: sha512-quJQXlTSUGL2LH9SUXo8VwsY4soanhgo6LNSm84E1LBcE8s3O0wpdiRzyR9z/ZZJMlMWv37qOOb9pdJlMUEKFQ==}
    engines: {node: '>=8'}

  ansi-styles@4.3.0:
    resolution: {integrity: sha512-zbB9rCJAT1rbjiVDb2hqKFHNYLxgtk8NURxZ3IZwD3F6NtxbXZQCnnSi1Lkx+IDohdPlFp222wVALIheZJQSEg==}
    engines: {node: '>=8'}

  array-back@6.2.2:
    resolution: {integrity: sha512-gUAZ7HPyb4SJczXAMUXMGAvI976JoK3qEx9v1FTmeYuJj0IBiaKttG1ydtGKdkfqWkIkouke7nG8ufGy77+Cvw==}
    engines: {node: '>=12.17'}

  bundle-name@4.1.0:
    resolution: {integrity: sha512-tjwM5exMg6BGRI+kNmTntNsvdZS1X8BFYS6tnJ2hdH0kVxM6/eVZ2xy+FqStSWvYmtfFMDLIxurorHwDKfDz5Q==}
    engines: {node: '>=18'}

  cacheable-lookup@7.0.0:
    resolution: {integrity: sha512-+qJyx4xiKra8mZrcwhjMRMUhD5NR1R8esPkzIYxX96JiecFoxAXFuz/GpR3+ev4PE1WamHip78wV0vcmPQtp8w==}
    engines: {node: '>=14.16'}

  cacheable-request@12.0.1:
    resolution: {integrity: sha512-Yo9wGIQUaAfIbk+qY0X4cDQgCosecfBe3V9NSyeY4qPC2SAkbCS4Xj79VP8WOzitpJUZKc/wsRCYF5ariDIwkg==}
    engines: {node: '>=18'}

  chardet@0.7.0:
    resolution: {integrity: sha512-mT8iDcrh03qDGRRmoA2hmBJnxpllMR+0/0qlzjqZES6NdiWDcZkCNAk4rPFZ9Q85r27unkiNNg8ZOiwZXBHwcA==}

  cli-width@4.1.0:
    resolution: {integrity: sha512-ouuZd4/dm2Sw5Gmqy6bGyNNNe1qt9RpmxveLSO7KcgsTnU7RXfsw+/bukWGo1abgBiMAic068rclZsO4IWmmxQ==}
    engines: {node: '>= 12'}

  color-convert@2.0.1:
    resolution: {integrity: sha512-RRECPsj7iu/xb5oKYcsFHSppFNnsj/52OVTRKb4zP5onXwVF3zVmmToNcOfGC+CRDpfK/U584fMg38ZHCaElKQ==}
    engines: {node: '>=7.0.0'}

  color-name@1.1.4:
    resolution: {integrity: sha512-dOy+3AuW3a2wNbZHIuMZpTcgjGuLU/uBL/ubcZF9OXbDo8ff4O8yVp5Bf0efS8uEoYo5q4Fx7dY9OgQGXgAsQA==}

  command-line-args@6.0.1:
    resolution: {integrity: sha512-Jr3eByUjqyK0qd8W0SGFW1nZwqCaNCtbXjRo2cRJC1OYxWl3MZ5t1US3jq+cO4sPavqgw4l9BMGX0CBe+trepg==}
    engines: {node: '>=12.20'}
    peerDependencies:
      '@75lb/nature': latest
    peerDependenciesMeta:
      '@75lb/nature':
        optional: true

  commander@13.1.0:
    resolution: {integrity: sha512-/rFeCpNJQbhSZjGVwO9RFV3xPqbnERS8MmIQzCtD/zl6gpJuV/bMLuN92oG3F7d8oDEHHRrujSXNUr8fpjntKw==}
    engines: {node: '>=18'}

  cookie@1.0.2:
    resolution: {integrity: sha512-9Kr/j4O16ISv8zBBhJoi4bXOYNTkFLOqSL3UDB0njXxCXNezjeyVrJyGOWtgfs/q2km1gwBcfH8q1yEGoMYunA==}
    engines: {node: '>=18'}

  decompress-response@6.0.0:
    resolution: {integrity: sha512-aW35yZM6Bb/4oJlZncMH2LCoZtJXTRxES17vE3hoRiowU2kWHaJKFkSBDnDR+cm9J+9QhXmREyIfv0pji9ejCQ==}
    engines: {node: '>=10'}

  default-browser-id@5.0.0:
    resolution: {integrity: sha512-A6p/pu/6fyBcA1TRz/GqWYPViplrftcW2gZC9q79ngNCKAeR/X3gcEdXQHl4KNXV+3wgIJ1CPkJQ3IHM6lcsyA==}
    engines: {node: '>=18'}

  default-browser@5.2.1:
    resolution: {integrity: sha512-WY/3TUME0x3KPYdRRxEJJvXRHV4PyPoUsxtZa78lwItwRQRHhd2U9xOscaT/YTf8uCXIAjeJOFBVEh/7FtD8Xg==}
    engines: {node: '>=18'}

  defer-to-connect@2.0.1:
    resolution: {integrity: sha512-4tvttepXG1VaYGrRibk5EwJd1t4udunSOVMdLSAL6mId1ix438oPwPZMALY41FCijukO1L0twNcGsdzS7dHgDg==}
    engines: {node: '>=10'}

  define-lazy-prop@3.0.0:
    resolution: {integrity: sha512-N+MeXYoqr3pOgn8xfyRPREN7gHakLYjhsHhWGT3fWAiL4IkAt0iDw14QiiEm2bE30c5XX5q0FtAA3CK5f9/BUg==}
    engines: {node: '>=12'}

  emoji-regex@8.0.0:
    resolution: {integrity: sha512-MSjYzcWNOA0ewAHpz0MxpYFvwg6yjy1NG3xteoqz644VCo/RPgnr1/GGt+ic3iJTzQ8Eu3TdM14SawnVUmGE6A==}

  external-editor@3.1.0:
    resolution: {integrity: sha512-hMQ4CX1p1izmuLYyZqLMO/qGNw10wSv9QDCPfzXfyFrOaCSSoRfqE1Kf1s5an66J5JZC62NewG+mK49jOCtQew==}
    engines: {node: '>=4'}

  find-replace@5.0.2:
    resolution: {integrity: sha512-Y45BAiE3mz2QsrN2fb5QEtO4qb44NcS7en/0y9PEVsg351HsLeVclP8QPMH79Le9sH3rs5RSwJu99W0WPZO43Q==}
    engines: {node: '>=14'}
    peerDependencies:
      '@75lb/nature': latest
    peerDependenciesMeta:
      '@75lb/nature':
        optional: true

  form-data-encoder@4.0.2:
    resolution: {integrity: sha512-KQVhvhK8ZkWzxKxOr56CPulAhH3dobtuQ4+hNQ+HekH/Wp5gSOafqRAeTphQUJAIk0GBvHZgJ2ZGRWd5kphMuw==}
    engines: {node: '>= 18'}

  get-stream@9.0.1:
    resolution: {integrity: sha512-kVCxPF3vQM/N0B1PmoqVUqgHP+EeVjmZSQn+1oCRPxd2P21P2F19lIgbR3HBosbB1PUhOAoctJnfEn2GbN2eZA==}
    engines: {node: '>=18'}

  got@14.4.5:
    resolution: {integrity: sha512-sq+uET8TnNKRNnjEOPJzMcxeI0irT8BBNmf+GtZcJpmhYsQM1DSKmCROUjPWKsXZ5HzwD5Cf5/RV+QD9BSTxJg==}
    engines: {node: '>=20'}

  http-cache-semantics@4.1.1:
    resolution: {integrity: sha512-er295DKPVsV82j5kw1Gjt+ADA/XYHsajl82cGNQG2eyoPkvgUhX+nDIyelzhIWbbsXP39EHcI6l5tYs2FYqYXQ==}

  http2-wrapper@2.2.1:
    resolution: {integrity: sha512-V5nVw1PAOgfI3Lmeaj2Exmeg7fenjhRUgz1lPSezy1CuhPYbgQtbQj4jZfEAEMlaL+vupsvhjqCyjzob0yxsmQ==}
    engines: {node: '>=10.19.0'}

  iconv-lite@0.4.24:
    resolution: {integrity: sha512-v3MXnZAcvnywkTUEZomIActle7RXXeedOR31wwl7VlyoXO4Qi9arvSenNQWne1TcRwhCL1HwLI21bEqdpj8/rA==}
    engines: {node: '>=0.10.0'}

  is-docker@3.0.0:
    resolution: {integrity: sha512-eljcgEDlEns/7AXFosB5K/2nCM4P7FQPkGc/DWLy5rmFEWvZayGrik1d9/QIY5nJ4f9YsVvBkA6kJpHn9rISdQ==}
    engines: {node: ^12.20.0 || ^14.13.1 || >=16.0.0}
    hasBin: true

  is-fullwidth-code-point@3.0.0:
    resolution: {integrity: sha512-zymm5+u+sCsSWyD9qNaejV3DFvhCKclKdizYaJUuHA83RLjb7nSuGnddCHGv0hk+KY7BMAlsWeK4Ueg6EV6XQg==}
    engines: {node: '>=8'}

  is-inside-container@1.0.0:
    resolution: {integrity: sha512-KIYLCCJghfHZxqjYBE7rEy0OBuTd5xCHS7tHVgvCLkx7StIoaxwNW3hCALgEUjFfeRk+MG/Qxmp/vtETEF3tRA==}
    engines: {node: '>=14.16'}
    hasBin: true

  is-stream@4.0.1:
    resolution: {integrity: sha512-Dnz92NInDqYckGEUJv689RbRiTSEHCQ7wOVeALbkOz999YpqT46yMRIGtSNl2iCL1waAZSx40+h59NV/EwzV/A==}
    engines: {node: '>=18'}

  is-wsl@3.1.0:
    resolution: {integrity: sha512-UcVfVfaK4Sc4m7X3dUSoHoozQGBEFeDC+zVo06t98xe8CzHSZZBekNXH+tu0NalHolcJ/QAGqS46Hef7QXBIMw==}
    engines: {node: '>=16'}

  json-buffer@3.0.1:
    resolution: {integrity: sha512-4bV5BfR2mqfQTJm+V5tPPdf+ZpuhiIvTuAB5g8kcrXOZpTT/QwwVRWBywX1ozr6lEuPdbHxwaJlm9G6mI2sfSQ==}

  keyv@4.5.4:
    resolution: {integrity: sha512-oxVHkHR/EJf2CNXnWxRLW6mg7JyCCUcG0DtEGmL2ctUo1PNTin1PUil+r/+4r5MpVgC/fn1kjsx7mjSujKqIpw==}

  libphonenumber-js@1.11.19:
    resolution: {integrity: sha512-bW/Yp/9dod6fmyR+XqSUL1N5JE7QRxQ3KrBIbYS1FTv32e5i3SEtQVX+71CYNv8maWNSOgnlCoNp9X78f/cKiA==}

  lodash.camelcase@4.3.0:
    resolution: {integrity: sha512-TwuEnCnxbc3rAvhf/LbG7tJUDzhqXyFnv3dtzLOPgCG/hODL7WFnsbwktkD7yUV0RrreP/l1PALq/YSg6VvjlA==}

  lowercase-keys@3.0.0:
    resolution: {integrity: sha512-ozCC6gdQ+glXOQsveKD0YsDy8DSQFjDTz4zyzEHNV5+JP5D62LmfDZ6o1cycFx9ouG940M5dE8C8CTewdj2YWQ==}
    engines: {node: ^12.20.0 || ^14.13.1 || >=16.0.0}

  luxon@3.5.0:
    resolution: {integrity: sha512-rh+Zjr6DNfUYR3bPwJEnuwDdqMbxZW7LOQfUN4B54+Cl+0o5zaU9RJ6bcidfDtC1cWCZXQ+nvX8bf6bAji37QQ==}
    engines: {node: '>=12'}

  mimic-response@3.1.0:
    resolution: {integrity: sha512-z0yWI+4FDrrweS8Zmt4Ej5HdJmky15+L2e6Wgn3+iK5fWzb6T3fhNFq2+MeTRb064c6Wr4N/wv0DzQTjNzHNGQ==}
    engines: {node: '>=10'}

  mimic-response@4.0.0:
    resolution: {integrity: sha512-e5ISH9xMYU0DzrT+jl8q2ze9D6eWBto+I8CNpe+VI+K2J/F/k3PdkdTdz4wvGVH4NTpo+NRYTVIuMQEMMcsLqg==}
    engines: {node: ^12.20.0 || ^14.13.1 || >=16.0.0}

  mute-stream@2.0.0:
    resolution: {integrity: sha512-WWdIxpyjEn+FhQJQQv9aQAYlHoNVdzIzUySNV1gHUPDSdZJ3yZn7pAAbQcV7B56Mvu881q9FZV+0Vx2xC44VWA==}
    engines: {node: ^18.17.0 || >=20.5.0}

  normalize-url@8.0.1:
    resolution: {integrity: sha512-IO9QvjUMWxPQQhs60oOu10CRkWCiZzSUkzbXGGV9pviYl1fXYcvkzQ5jV9z8Y6un8ARoVRl4EtC6v6jNqbaJ/w==}
    engines: {node: '>=14.16'}

  open@10.1.0:
    resolution: {integrity: sha512-mnkeQ1qP5Ue2wd+aivTD3NHd/lZ96Lu0jgf0pwktLPtx6cTZiH7tyeGRRHs0zX0rbrahXPnXlUnbeXyaBBuIaw==}
    engines: {node: '>=18'}

  os-tmpdir@1.0.2:
    resolution: {integrity: sha512-D2FR03Vir7FIu45XBY20mTb+/ZSWB00sjU9jdQXt83gDrI4Ztz5Fs7/yy74g2N5SVQY4xY1qDr4rNddwYRVX0g==}
    engines: {node: '>=0.10.0'}

  p-cancelable@4.0.1:
    resolution: {integrity: sha512-wBowNApzd45EIKdO1LaU+LrMBwAcjfPaYtVzV3lmfM3gf8Z4CHZsiIqlM8TZZ8okYvh5A1cP6gTfCRQtwUpaUg==}
    engines: {node: '>=14.16'}

  prettier@3.4.2:
    resolution: {integrity: sha512-e9MewbtFo+Fevyuxn/4rrcDAaq0IYxPGLvObpQjiZBMAzB9IGmzlnG9RZy3FFas+eBMu2vA0CszMeduow5dIuQ==}
    engines: {node: '>=14'}
    hasBin: true

  quick-lru@5.1.1:
    resolution: {integrity: sha512-WuyALRjWPDGtt/wzJiadO5AXY+8hZ80hVpe6MyivgraREW751X3SbhRvG3eLKOYN+8VEvqLcf3wdnt44Z4S4SA==}
    engines: {node: '>=10'}

  resolve-alpn@1.2.1:
    resolution: {integrity: sha512-0a1F4l73/ZFZOakJnQ3FvkJ2+gSTQWz/r2KE5OdDY0TxPm5h4GkqkWWfM47T7HsbnOtcJVEF4epCVy6u7Q3K+g==}

  responselike@3.0.0:
    resolution: {integrity: sha512-40yHxbNcl2+rzXvZuVkrYohathsSJlMTXKryG5y8uciHv1+xDLHQpgjG64JUO9nrEq2jGLH6IZ8BcZyw3wrweg==}
    engines: {node: '>=14.16'}

  run-applescript@7.0.0:
    resolution: {integrity: sha512-9by4Ij99JUr/MCFBUkDKLWK3G9HVXmabKz9U5MlIAIuvuzkiOicRYs8XJLxX+xahD+mLiiCYDqF9dKAgtzKP1A==}
    engines: {node: '>=18'}

  safer-buffer@2.1.2:
    resolution: {integrity: sha512-YZo3K82SD7Riyi0E1EQPojLz7kpepnSQI9IyPbHHg1XXXevb5dJI7tpyN2ADxGcQbHG7vcyRHk0cbwqcQriUtg==}

  signal-exit@4.1.0:
    resolution: {integrity: sha512-bzyZ1e88w9O1iNJbKnOlvYTrWPDl46O1bG0D3XInv+9tkPrxrN8jUUTiFlDkkmKWgn1M6CfIA13SuGqOa9Korw==}
    engines: {node: '>=14'}

  string-width@4.2.3:
    resolution: {integrity: sha512-wKyQRQpjJ0sIp62ErSZdGsjMJWsap5oRNihHhu6G7JVO/9jIB6UyevL+tXuOqrng8j/cxKTWyWUwvSTriiZz/g==}
    engines: {node: '>=8'}

  strip-ansi@6.0.1:
    resolution: {integrity: sha512-Y38VPSHcqkFrCpFnQ9vuSXmquuv5oXOKpGeT6aGrr3o3Gc9AlVa6JBfUSOCnbxGGZF+/0ooI7KrPuUSztUdU5A==}
    engines: {node: '>=8'}

  tmp@0.0.33:
    resolution: {integrity: sha512-jRCJlojKnZ3addtTOjdIqoRuPEKBvNXcGYqzO6zWZX8KfKEpnGY5jfggJQ3EjKuu8D4bJRr0y+cYJFmYbImXGw==}
    engines: {node: '>=0.6.0'}

  type-fest@0.21.3:
    resolution: {integrity: sha512-t0rzBq87m3fVcduHDUFhKmyyX+9eo6WQjZvf51Ea/M0Q7+T374Jp1aUiyUl0GKxp8M/OETVHSDvmkyPgvX+X2w==}
    engines: {node: '>=10'}

  type-fest@4.33.0:
    resolution: {integrity: sha512-s6zVrxuyKbbAsSAD5ZPTB77q4YIdRctkTbJ2/Dqlinwz+8ooH2gd+YA7VA6Pa93KML9GockVvoxjZ2vHP+mu8g==}
    engines: {node: '>=16'}

  typical@7.3.0:
    resolution: {integrity: sha512-ya4mg/30vm+DOWfBg4YK3j2WD6TWtRkCbasOJr40CseYENzCUby/7rIvXA99JGsQHeNxLbnXdyLLxKSv3tauFw==}
    engines: {node: '>=12.17'}

  wrap-ansi@6.2.0:
    resolution: {integrity: sha512-r6lPcBGxZXlIcymEu7InxDMhdW0KDxpLgoFLcguasxCaJ/SOIZwINatK9KY/tf+ZrlywOKU0UDj3ATXUBfxJXA==}
    engines: {node: '>=8'}

  yoctocolors-cjs@2.1.2:
    resolution: {integrity: sha512-cYVsTjKl8b+FrnidjibDWskAv7UKOfcwaVZdp/it9n1s9fU3IkgDbhdIRKCW4JDsAlECJY0ytoVPT3sK6kideA==}
    engines: {node: '>=18'}

snapshots:

  '@inquirer/checkbox@4.1.1':
    dependencies:
      '@inquirer/core': 10.1.6
      '@inquirer/figures': 1.0.10
      '@inquirer/type': 3.0.4
      ansi-escapes: 4.3.2
      yoctocolors-cjs: 2.1.2

  '@inquirer/confirm@5.1.5':
    dependencies:
      '@inquirer/core': 10.1.6
      '@inquirer/type': 3.0.4

  '@inquirer/core@10.1.6':
    dependencies:
      '@inquirer/figures': 1.0.10
      '@inquirer/type': 3.0.4
      ansi-escapes: 4.3.2
      cli-width: 4.1.0
      mute-stream: 2.0.0
      signal-exit: 4.1.0
      wrap-ansi: 6.2.0
      yoctocolors-cjs: 2.1.2

  '@inquirer/editor@4.2.6':
    dependencies:
      '@inquirer/core': 10.1.6
      '@inquirer/type': 3.0.4
      external-editor: 3.1.0

  '@inquirer/expand@4.0.8':
    dependencies:
      '@inquirer/core': 10.1.6
      '@inquirer/type': 3.0.4
      yoctocolors-cjs: 2.1.2

  '@inquirer/figures@1.0.10': {}

  '@inquirer/input@4.1.5':
    dependencies:
      '@inquirer/core': 10.1.6
      '@inquirer/type': 3.0.4

  '@inquirer/number@3.0.8':
    dependencies:
      '@inquirer/core': 10.1.6
      '@inquirer/type': 3.0.4

  '@inquirer/password@4.0.8':
    dependencies:
      '@inquirer/core': 10.1.6
      '@inquirer/type': 3.0.4
      ansi-escapes: 4.3.2

  '@inquirer/prompts@7.3.1':
    dependencies:
      '@inquirer/checkbox': 4.1.1
      '@inquirer/confirm': 5.1.5
      '@inquirer/editor': 4.2.6
      '@inquirer/expand': 4.0.8
      '@inquirer/input': 4.1.5
      '@inquirer/number': 3.0.8
      '@inquirer/password': 4.0.8
      '@inquirer/rawlist': 4.0.8
      '@inquirer/search': 3.0.8
      '@inquirer/select': 4.0.8

  '@inquirer/rawlist@4.0.8':
    dependencies:
      '@inquirer/core': 10.1.6
      '@inquirer/type': 3.0.4
      yoctocolors-cjs: 2.1.2

  '@inquirer/search@3.0.8':
    dependencies:
      '@inquirer/core': 10.1.6
      '@inquirer/figures': 1.0.10
      '@inquirer/type': 3.0.4
      yoctocolors-cjs: 2.1.2

  '@inquirer/select@4.0.8':
    dependencies:
      '@inquirer/core': 10.1.6
      '@inquirer/figures': 1.0.10
      '@inquirer/type': 3.0.4
      ansi-escapes: 4.3.2
      yoctocolors-cjs: 2.1.2

  '@inquirer/type@3.0.4': {}

  '@sec-ant/readable-stream@0.4.1': {}

  '@sindresorhus/is@7.0.1': {}

  '@szmarczak/http-timer@5.0.1':
    dependencies:
      defer-to-connect: 2.0.1

  '@types/http-cache-semantics@4.0.4': {}

  ansi-escapes@4.3.2:
    dependencies:
      type-fest: 0.21.3

  ansi-regex@5.0.1: {}

  ansi-styles@4.3.0:
    dependencies:
      color-convert: 2.0.1

  array-back@6.2.2: {}

  bundle-name@4.1.0:
    dependencies:
      run-applescript: 7.0.0

  cacheable-lookup@7.0.0: {}

  cacheable-request@12.0.1:
    dependencies:
      '@types/http-cache-semantics': 4.0.4
      get-stream: 9.0.1
      http-cache-semantics: 4.1.1
      keyv: 4.5.4
      mimic-response: 4.0.0
      normalize-url: 8.0.1
      responselike: 3.0.0

  chardet@0.7.0: {}

  cli-width@4.1.0: {}

  color-convert@2.0.1:
    dependencies:
      color-name: 1.1.4

  color-name@1.1.4: {}

  command-line-args@6.0.1:
    dependencies:
      array-back: 6.2.2
      find-replace: 5.0.2
      lodash.camelcase: 4.3.0
      typical: 7.3.0

  commander@13.1.0: {}

  cookie@1.0.2: {}

  decompress-response@6.0.0:
    dependencies:
      mimic-response: 3.1.0

  default-browser-id@5.0.0: {}

  default-browser@5.2.1:
    dependencies:
      bundle-name: 4.1.0
      default-browser-id: 5.0.0

  defer-to-connect@2.0.1: {}

  define-lazy-prop@3.0.0: {}

  emoji-regex@8.0.0: {}

  external-editor@3.1.0:
    dependencies:
      chardet: 0.7.0
      iconv-lite: 0.4.24
      tmp: 0.0.33

  find-replace@5.0.2: {}

  form-data-encoder@4.0.2: {}

  get-stream@9.0.1:
    dependencies:
      '@sec-ant/readable-stream': 0.4.1
      is-stream: 4.0.1

  got@14.4.5:
    dependencies:
      '@sindresorhus/is': 7.0.1
      '@szmarczak/http-timer': 5.0.1
      cacheable-lookup: 7.0.0
      cacheable-request: 12.0.1
      decompress-response: 6.0.0
      form-data-encoder: 4.0.2
      http2-wrapper: 2.2.1
      lowercase-keys: 3.0.0
      p-cancelable: 4.0.1
      responselike: 3.0.0
      type-fest: 4.33.0

  http-cache-semantics@4.1.1: {}

  http2-wrapper@2.2.1:
    dependencies:
      quick-lru: 5.1.1
      resolve-alpn: 1.2.1

  iconv-lite@0.4.24:
    dependencies:
      safer-buffer: 2.1.2

  is-docker@3.0.0: {}

  is-fullwidth-code-point@3.0.0: {}

  is-inside-container@1.0.0:
    dependencies:
      is-docker: 3.0.0

  is-stream@4.0.1: {}

  is-wsl@3.1.0:
    dependencies:
      is-inside-container: 1.0.0

  json-buffer@3.0.1: {}

  keyv@4.5.4:
    dependencies:
      json-buffer: 3.0.1

  libphonenumber-js@1.11.19: {}

  lodash.camelcase@4.3.0: {}

  lowercase-keys@3.0.0: {}

  luxon@3.5.0: {}

  mimic-response@3.1.0: {}

  mimic-response@4.0.0: {}

  mute-stream@2.0.0: {}

  normalize-url@8.0.1: {}

  open@10.1.0:
    dependencies:
      default-browser: 5.2.1
      define-lazy-prop: 3.0.0
      is-inside-container: 1.0.0
      is-wsl: 3.1.0

  os-tmpdir@1.0.2: {}

  p-cancelable@4.0.1: {}

  prettier@3.4.2: {}

  quick-lru@5.1.1: {}

  resolve-alpn@1.2.1: {}

  responselike@3.0.0:
    dependencies:
      lowercase-keys: 3.0.0

  run-applescript@7.0.0: {}

  safer-buffer@2.1.2: {}

  signal-exit@4.1.0: {}

  string-width@4.2.3:
    dependencies:
      emoji-regex: 8.0.0
      is-fullwidth-code-point: 3.0.0
      strip-ansi: 6.0.1

  strip-ansi@6.0.1:
    dependencies:
      ansi-regex: 5.0.1

  tmp@0.0.33:
    dependencies:
      os-tmpdir: 1.0.2

  type-fest@0.21.3: {}

  type-fest@4.33.0: {}

  typical@7.3.0: {}

  wrap-ansi@6.2.0:
    dependencies:
      ansi-styles: 4.3.0
      string-width: 4.2.3
      strip-ansi: 6.0.1

  yoctocolors-cjs@2.1.2: {}
